name: Lock

on:
  workflow_dispatch:
  push:
    branches: ["main"]
  pull_request:
    branches: ["main"]

jobs:
  poetry-lock:
    runs-on: ubuntu-latest
    strategy:
      matrix:
        python-version: ["3.11"]
        poetry-version: ["1.8.3"]
    permissions:
      contents: write
    steps:
      - uses: actions/checkout@v4
      - uses: actions/setup-python@v5
        with:
          python-version: ${{ matrix.python-version }}
          cache: pip
      - uses: narumiruna/setup-poetry@v1
        with:
          poetry-version: ${{ matrix.poetry-version }}
          cache: true
      - run: poetry lock
      - uses: stefanzweifel/git-auto-commit-action@v5
